
Microsoft Visual Studio Solution File, Format Version 12.00
# Visual Studio Version 16
VisualStudioVersion = 16.0.30204.135
MinimumVisualStudioVersion = 10.0.40219.1
Project("{FAE04EC0-301F-11D3-BF4B-00C04F79EFBC}") = "meizitu.Crawler", "meizitu.Crawler.csproj", "{F0464EE9-2913-4E2F-92DD-285F027694EE}"
EndProject
Global
	GlobalSection(SolutionConfigurationPlatforms) = preSolution
		Debug|Any CPU = Debug|Any CPU
		Release|Any CPU = Release|Any CPU
	EndGlobalSection
	GlobalSection(ProjectConfigurationPlatforms) = postSolution
		{F0464EE9-2913-4E2F-92DD-285F027694EE}.Debug|Any CPU.ActiveCfg = Debug|Any CPU
		{F0464EE9-2913-4E2F-92DD-285F027694EE}.Debug|Any CPU.Build.0 = Debug|Any CPU
		{F0464EE9-2913-4E2F-92DD-285F027694EE}.Release|Any CPU.ActiveCfg = Release|Any CPU
		{F0464EE9-2913-4E2F-92DD-285F027694EE}.Release|Any CPU.Build.0 = Release|Any CPU
	EndGlobalSection
	GlobalSection(SolutionProperties) = preSolution
		HideSolutionNode = FALSE
	EndGlobalSection
	GlobalSection(ExtensibilityGlobals) = postSolution
		SolutionGuid = {8184CA6F-0987-4F84-9555-D35C2A0D3BB8}
	EndGlobalSection
EndGlobal
